<?xml version="1.0" encoding="utf-8"?>
<Project ToolsVersion="4.0" xmlns="http://schemas.microsoft.com/developer/msbuild/2003">
  <ItemGroup>
    <Filter Include="Source Files">
      <UniqueIdentifier>{cc292bd4-c0be-488a-a7aa-7affec070bf6}</UniqueIdentifier>
      <Extensions>cpp;c;cc;cxx;def;odl;idl;hpj;bat;asm;asmx</Extensions>
    </Filter>
    <Filter Include="Header Files">
      <UniqueIdentifier>{e1839729-4cc6-437b-a814-3ff4a1756cd3}</UniqueIdentifier>
      <Extensions>h;hh;hpp;hxx;hm;inl;inc;xsd</Extensions>
    </Filter>
    <Filter Include="Resource Files">
      <UniqueIdentifier>{9b152f9d-a092-42a9-ac47-0594f135a640}</UniqueIdentifier>
      <Extensions>rc;ico;cur;bmp;dlg;rc2;rct;bin;rgs;gif;jpg;jpeg;jpe;resx;tiff;tif;png;wav;mfcribbon-ms</Extensions>
    </Filter>
  </ItemGroup>
  <ItemGroup>
    <ClCompile Include="src\main.c">
      <Filter>Source Files</Filter>
    </ClCompile>
    <ClCompile Include="src\IDirectDraw.c">
      <Filter>Source Files</Filter>
    </ClCompile>
    <ClCompile Include="src\IDirectDrawClipper.c">
      <Filter>Source Files</Filter>
    </ClCompile>
    <ClCompile Include="src\IDirectDrawSurface.c">
      <Filter>Source Files</Filter>
    </ClCompile>
    <ClCompile Include="src\hook.c">
      <Filter>Source Files</Filter>
    </ClCompile>
    <ClCompile Include="src\Settings.c">
      <Filter>Source Files</Filter>
    </ClCompile>
    <ClCompile Include="src\opengl.c">
      <Filter>Source Files</Filter>
    </ClCompile>
    <ClCompile Include="src\render.c">
      <Filter>Source Files</Filter>
    </ClCompile>
    <ClCompile Include="src\counter.c">
      <Filter>Source Files</Filter>
    </ClCompile>
  </ItemGroup>
  <ItemGroup>
    <ClInclude Include="src\scale_pattern.h">
      <Filter>Header Files</Filter>
    </ClInclude>
    <ClInclude Include="src\IDirectDraw.h">
      <Filter>Header Files</Filter>
    </ClInclude>
    <ClInclude Include="src\IDirectDrawClipper.h">
      <Filter>Header Files</Filter>
    </ClInclude>
    <ClInclude Include="src\IDirectDrawSurface.h">
      <Filter>Header Files</Filter>
    </ClInclude>
    <ClInclude Include="src\main.h">
      <Filter>Header Files</Filter>
    </ClInclude>
    <ClInclude Include="ddraw.h">
      <Filter>Header Files</Filter>
    </ClInclude>
    <ClInclude Include="src\Settings.h">
      <Filter>Header Files</Filter>
    </ClInclude>
    <ClInclude Include="inc\opengl.h">
      <Filter>Header Files</Filter>
    </ClInclude>
    <ClInclude Include="inc\glext.h">
      <Filter>Header Files</Filter>
    </ClInclude>
  </ItemGroup>
  <ItemGroup>
    <ResourceCompile Include="ddraw.rc">
      <Filter>Resource Files</Filter>
    </ResourceCompile>
  </ItemGroup>
</Project>